
Microsoft Visual Studio Solution File, Format Version 12.00
# Visual Studio 2017
Project("{FAE04EC0-301F-11D3-BF4B-00C04F79EFBC}") = "running-down", "running-down.csproj", "{8D337516-B384-7B94-0763-245B2CBE0BE3}"
EndProject
Project("{FAE04EC0-301F-11D3-BF4B-00C04F79EFBC}") = "running-down.Plugins", "running-down.Plugins.csproj", "{0AD6388D-5177-1244-109C-5046E02144FF}"
EndProject
Project("{FAE04EC0-301F-11D3-BF4B-00C04F79EFBC}") = "running-down.Editor.Plugins", "running-down.Editor.Plugins.csproj", "{A9EC6F2C-299C-6139-6F01-9018CE613957}"
EndProject
Global
	GlobalSection(SolutionConfigurationPlatforms) = preSolution
		Debug|Any CPU = Debug|Any CPU
		Release|Any CPU = Release|Any CPU
	EndGlobalSection
	GlobalSection(ProjectConfigurationPlatforms) = postSolution
		{8D337516-B384-7B94-0763-245B2CBE0BE3}.Debug|Any CPU.ActiveCfg = Debug|Any CPU
		{8D337516-B384-7B94-0763-245B2CBE0BE3}.Debug|Any CPU.Build.0 = Debug|Any CPU
		{8D337516-B384-7B94-0763-245B2CBE0BE3}.Release|Any CPU.ActiveCfg = Release|Any CPU
		{8D337516-B384-7B94-0763-245B2CBE0BE3}.Release|Any CPU.Build.0 = Release|Any CPU
		{0AD6388D-5177-1244-109C-5046E02144FF}.Debug|Any CPU.ActiveCfg = Debug|Any CPU
		{0AD6388D-5177-1244-109C-5046E02144FF}.Debug|Any CPU.Build.0 = Debug|Any CPU
		{0AD6388D-5177-1244-109C-5046E02144FF}.Release|Any CPU.ActiveCfg = Release|Any CPU
		{0AD6388D-5177-1244-109C-5046E02144FF}.Release|Any CPU.Build.0 = Release|Any CPU
		{A9EC6F2C-299C-6139-6F01-9018CE613957}.Debug|Any CPU.ActiveCfg = Debug|Any CPU
		{A9EC6F2C-299C-6139-6F01-9018CE613957}.Debug|Any CPU.Build.0 = Debug|Any CPU
		{A9EC6F2C-299C-6139-6F01-9018CE613957}.Release|Any CPU.ActiveCfg = Release|Any CPU
		{A9EC6F2C-299C-6139-6F01-9018CE613957}.Release|Any CPU.Build.0 = Release|Any CPU
	EndGlobalSection
	GlobalSection(SolutionProperties) = preSolution
		HideSolutionNode = FALSE
	EndGlobalSection
EndGlobal
